
Microsoft Visual Studio Solution File, Format Version 12.00
# Visual Studio Version 17
VisualStudioVersion = 17.6.33815.320
MinimumVisualStudioVersion = 10.0.40219.1
Project("{FAE04EC0-301F-11D3-BF4B-00C04F79EFBC}") = "Assesment_16", "Assesment_16\Assesment_16.csproj", "{B14FA816-10B2-481C-B616-DC958B2FC726}"
EndProject
Global
	GlobalSection(SolutionConfigurationPlatforms) = preSolution
		Debug|Any CPU = Debug|Any CPU
		Release|Any CPU = Release|Any CPU
	EndGlobalSection
	GlobalSection(ProjectConfigurationPlatforms) = postSolution
		{B14FA816-10B2-481C-B616-DC958B2FC726}.Debug|Any CPU.ActiveCfg = Debug|Any CPU
		{B14FA816-10B2-481C-B616-DC958B2FC726}.Debug|Any CPU.Build.0 = Debug|Any CPU
		{B14FA816-10B2-481C-B616-DC958B2FC726}.Release|Any CPU.ActiveCfg = Release|Any CPU
		{B14FA816-10B2-481C-B616-DC958B2FC726}.Release|Any CPU.Build.0 = Release|Any CPU
	EndGlobalSection
	GlobalSection(SolutionProperties) = preSolution
		HideSolutionNode = FALSE
	EndGlobalSection
	GlobalSection(ExtensibilityGlobals) = postSolution
		SolutionGuid = {20987C1B-AC5E-4631-933B-202920F810DC}
	EndGlobalSection
EndGlobal
